
Microsoft Visual Studio Solution File, Format Version 12.00
# Visual Studio Version 16
VisualStudioVersion = 16.0.34301.259
MinimumVisualStudioVersion = 10.0.40219.1
Project("{FAE04EC0-301F-11D3-BF4B-00C04F79EFBC}") = "BugBuilder_V0.0.1", "BugBuilder_V0.0.1\BugBuilder_V0.0.1.csproj", "{8B451C54-B7C6-4ED2-9D11-9F620C9210FA}"
EndProject
Project("{FAE04EC0-301F-11D3-BF4B-00C04F79EFBC}") = "dllCoreBB", "dllCoreBB\dllCoreBB.csproj", "{1E9F2192-F943-407F-A1F6-87A338F14AB8}"
EndProject
Project("{FAE04EC0-301F-11D3-BF4B-00C04F79EFBC}") = "ServerTCPTest", "ServerTCPTest\ServerTCPTest.csproj", "{A596A113-BC22-4376-B259-E84A913E4F9E}"
EndProject
Project("{FAE04EC0-301F-11D3-BF4B-00C04F79EFBC}") = "ClientTCPTest", "ClientTCPTest\ClientTCPTest.csproj", "{67A8C02F-8097-423C-9643-068929C09C0C}"
EndProject
Global
	GlobalSection(SolutionConfigurationPlatforms) = preSolution
		Debug|Any CPU = Debug|Any CPU
		Release|Any CPU = Release|Any CPU
	EndGlobalSection
	GlobalSection(ProjectConfigurationPlatforms) = postSolution
		{8B451C54-B7C6-4ED2-9D11-9F620C9210FA}.Debug|Any CPU.ActiveCfg = Debug|Any CPU
		{8B451C54-B7C6-4ED2-9D11-9F620C9210FA}.Debug|Any CPU.Build.0 = Debug|Any CPU
		{8B451C54-B7C6-4ED2-9D11-9F620C9210FA}.Release|Any CPU.ActiveCfg = Release|Any CPU
		{8B451C54-B7C6-4ED2-9D11-9F620C9210FA}.Release|Any CPU.Build.0 = Release|Any CPU
		{1E9F2192-F943-407F-A1F6-87A338F14AB8}.Debug|Any CPU.ActiveCfg = Debug|Any CPU
		{1E9F2192-F943-407F-A1F6-87A338F14AB8}.Debug|Any CPU.Build.0 = Debug|Any CPU
		{1E9F2192-F943-407F-A1F6-87A338F14AB8}.Release|Any CPU.ActiveCfg = Release|Any CPU
		{1E9F2192-F943-407F-A1F6-87A338F14AB8}.Release|Any CPU.Build.0 = Release|Any CPU
		{A596A113-BC22-4376-B259-E84A913E4F9E}.Debug|Any CPU.ActiveCfg = Debug|Any CPU
		{A596A113-BC22-4376-B259-E84A913E4F9E}.Debug|Any CPU.Build.0 = Debug|Any CPU
		{A596A113-BC22-4376-B259-E84A913E4F9E}.Release|Any CPU.ActiveCfg = Release|Any CPU
		{A596A113-BC22-4376-B259-E84A913E4F9E}.Release|Any CPU.Build.0 = Release|Any CPU
		{67A8C02F-8097-423C-9643-068929C09C0C}.Debug|Any CPU.ActiveCfg = Debug|Any CPU
		{67A8C02F-8097-423C-9643-068929C09C0C}.Debug|Any CPU.Build.0 = Debug|Any CPU
		{67A8C02F-8097-423C-9643-068929C09C0C}.Release|Any CPU.ActiveCfg = Release|Any CPU
		{67A8C02F-8097-423C-9643-068929C09C0C}.Release|Any CPU.Build.0 = Release|Any CPU
	EndGlobalSection
	GlobalSection(SolutionProperties) = preSolution
		HideSolutionNode = FALSE
	EndGlobalSection
	GlobalSection(ExtensibilityGlobals) = postSolution
		SolutionGuid = {B149C489-2CB9-4187-A68B-F4D4B8D3056C}
	EndGlobalSection
EndGlobal
